// !$*UTF8*$!
{
	archiveVersion = 1;
	classes = {
	};
	objectVersion = 50;
	objects = {

/* Begin PBXBuildFile section */
		9B00D6BB2791D73C00CEC9FD /* SelectAdditionTableViewController.swift in Sources */ = {isa = PBXBuildFile; fileRef = 9B00D6BA2791D73C00CEC9FD /* SelectAdditionTableViewController.swift */; };
		9B08F72E27976219009033F9 /* MainViewController.swift in Sources */ = {isa = PBXBuildFile; fileRef = 9B08F72D27976219009033F9 /* MainViewController.swift */; };
		9B625904278F5F390061002E /* AppDelegate.swift in Sources */ = {isa = PBXBuildFile; fileRef = 9B625903278F5F390061002E /* AppDelegate.swift */; };
		9B625906278F5F390061002E /* SceneDelegate.swift in Sources */ = {isa = PBXBuildFile; fileRef = 9B625905278F5F390061002E /* SceneDelegate.swift */; };
		9B62590B278F5F390061002E /* Main.storyboard in Resources */ = {isa = PBXBuildFile; fileRef = 9B625909278F5F390061002E /* Main.storyboard */; };
		9B62590D278F5F390061002E /* Assets.xcassets in Resources */ = {isa = PBXBuildFile; fileRef = 9B62590C278F5F390061002E /* Assets.xcassets */; };
		9B625910278F5F390061002E /* LaunchScreen.storyboard in Resources */ = {isa = PBXBuildFile; fileRef = 9B62590E278F5F390061002E /* LaunchScreen.storyboard */; };
		9B625918278F630A0061002E /* AddRegistrationTableViewController.swift in Sources */ = {isa = PBXBuildFile; fileRef = 9B625917278F630A0061002E /* AddRegistrationTableViewController.swift */; };
		9B62591A278F6B680061002E /* Registration.swift in Sources */ = {isa = PBXBuildFile; fileRef = 9B625919278F6B680061002E /* Registration.swift */; };
		9B62591C278F70220061002E /* Addition.swift in Sources */ = {isa = PBXBuildFile; fileRef = 9B62591B278F70220061002E /* Addition.swift */; };
		9B6FBA3927946C4400B721FF /* ListOfCarsTableViewController.swift in Sources */ = {isa = PBXBuildFile; fileRef = 9B6FBA3827946C4400B721FF /* ListOfCarsTableViewController.swift */; };
		9B85576627934081008A1A1A /* SelectAdditionTableViewControllerProtocol.swift in Sources */ = {isa = PBXBuildFile; fileRef = 9B85576527934081008A1A1A /* SelectAdditionTableViewControllerProtocol.swift */; };
		9BF818E32795FB750018F608 /* CellManager.swift in Sources */ = {isa = PBXBuildFile; fileRef = 9BF818E22795FB750018F608 /* CellManager.swift */; };
		9BF818E52795FCA00018F608 /* RegistrationCell.swift in Sources */ = {isa = PBXBuildFile; fileRef = 9BF818E42795FCA00018F608 /* RegistrationCell.swift */; };
/* End PBXBuildFile section */

/* Begin PBXFileReference section */
		9B00D6BA2791D73C00CEC9FD /* SelectAdditionTableViewController.swift */ = {isa = PBXFileReference; lastKnownFileType = sourcecode.swift; path = SelectAdditionTableViewController.swift; sourceTree = "<group>"; };
		9B08F72D27976219009033F9 /* MainViewController.swift */ = {isa = PBXFileReference; lastKnownFileType = sourcecode.swift; path = MainViewController.swift; sourceTree = "<group>"; };
		9B625900278F5F390061002E /* Car exhibition.app */ = {isa = PBXFileReference; explicitFileType = wrapper.application; includeInIndex = 0; path = "Car exhibition.app"; sourceTree = BUILT_PRODUCTS_DIR; };
		9B625903278F5F390061002E /* AppDelegate.swift */ = {isa = PBXFileReference; lastKnownFileType = sourcecode.swift; path = AppDelegate.swift; sourceTree = "<group>"; };
		9B625905278F5F390061002E /* SceneDelegate.swift */ = {isa = PBXFileReference; lastKnownFileType = sourcecode.swift; path = SceneDelegate.swift; sourceTree = "<group>"; };
		9B62590A278F5F390061002E /* Base */ = {isa = PBXFileReference; lastKnownFileType = file.storyboard; name = Base; path = Base.lproj/Main.storyboard; sourceTree = "<group>"; };
		9B62590C278F5F390061002E /* Assets.xcassets */ = {isa = PBXFileReference; lastKnownFileType = folder.assetcatalog; path = Assets.xcassets; sourceTree = "<group>"; };
		9B62590F278F5F390061002E /* Base */ = {isa = PBXFileReference; lastKnownFileType = file.storyboard; name = Base; path = Base.lproj/LaunchScreen.storyboard; sourceTree = "<group>"; };
		9B625911278F5F390061002E /* Info.plist */ = {isa = PBXFileReference; lastKnownFileType = text.plist.xml; path = Info.plist; sourceTree = "<group>"; };
		9B625917278F630A0061002E /* AddRegistrationTableViewController.swift */ = {isa = PBXFileReference; lastKnownFileType = sourcecode.swift; path = AddRegistrationTableViewController.swift; sourceTree = "<group>"; };
		9B625919278F6B680061002E /* Registration.swift */ = {isa = PBXFileReference; lastKnownFileType = sourcecode.swift; path = Registration.swift; sourceTree = "<group>"; };
		9B62591B278F70220061002E /* Addition.swift */ = {isa = PBXFileReference; lastKnownFileType = sourcecode.swift; path = Addition.swift; sourceTree = "<group>"; };
		9B6FBA3827946C4400B721FF /* ListOfCarsTableViewController.swift */ = {isa = PBXFileReference; lastKnownFileType = sourcecode.swift; path = ListOfCarsTableViewController.swift; sourceTree = "<group>"; };
		9B85576527934081008A1A1A /* SelectAdditionTableViewControllerProtocol.swift */ = {isa = PBXFileReference; lastKnownFileType = sourcecode.swift; path = SelectAdditionTableViewControllerProtocol.swift; sourceTree = "<group>"; };
		9BF818E22795FB750018F608 /* CellManager.swift */ = {isa = PBXFileReference; lastKnownFileType = sourcecode.swift; path = CellManager.swift; sourceTree = "<group>"; };
		9BF818E42795FCA00018F608 /* RegistrationCell.swift */ = {isa = PBXFileReference; lastKnownFileType = sourcecode.swift; path = RegistrationCell.swift; sourceTree = "<group>"; };
/* End PBXFileReference section */

/* Begin PBXFrameworksBuildPhase section */
		9B6258FD278F5F390061002E /* Frameworks */ = {
			isa = PBXFrameworksBuildPhase;
			buildActionMask = 2147483647;
			files = (
			);
			runOnlyForDeploymentPostprocessing = 0;
		};
/* End PBXFrameworksBuildPhase section */

/* Begin PBXGroup section */
		9B6258F7278F5F390061002E = {
			isa = PBXGroup;
			children = (
				9B625902278F5F390061002E /* Car exhibition */,
				9B625901278F5F390061002E /* Products */,
			);
			sourceTree = "<group>";
		};
		9B625901278F5F390061002E /* Products */ = {
			isa = PBXGroup;
			children = (
				9B625900278F5F390061002E /* Car exhibition.app */,
			);
			name = Products;
			sourceTree = "<group>";
		};
		9B625902278F5F390061002E /* Car exhibition */ = {
			isa = PBXGroup;
			children = (
				9BF818E72796001C0018F608 /* Protocols */,
				9BF818E6279600060018F608 /* Managers */,
				9BF996D62790AC6700302E21 /* App */,
				9B62590C278F5F390061002E /* Assets.xcassets */,
				9BF996D52790AC5500302E21 /* Controllers */,
				9B625911278F5F390061002E /* Info.plist */,
				9BF996D42790AC4500302E21 /* Models */,
				9BF996D72790AD0600302E21 /* Views */,
			);
			path = "Car exhibition";
			sourceTree = "<group>";
		};
		9BF818E6279600060018F608 /* Managers */ = {
			isa = PBXGroup;
			children = (
				9BF818E22795FB750018F608 /* CellManager.swift */,
			);
			path = Managers;
			sourceTree = "<group>";
		};
		9BF818E72796001C0018F608 /* Protocols */ = {
			isa = PBXGroup;
			children = (
				9B85576527934081008A1A1A /* SelectAdditionTableViewControllerProtocol.swift */,
			);
			path = Protocols;
			sourceTree = "<group>";
		};
		9BF996D42790AC4500302E21 /* Models */ = {
			isa = PBXGroup;
			children = (
				9B625919278F6B680061002E /* Registration.swift */,
				9B62591B278F70220061002E /* Addition.swift */,
				9BF818E42795FCA00018F608 /* RegistrationCell.swift */,
			);
			path = Models;
			sourceTree = "<group>";
		};
		9BF996D52790AC5500302E21 /* Controllers */ = {
			isa = PBXGroup;
			children = (
				9B625917278F630A0061002E /* AddRegistrationTableViewController.swift */,
				9B00D6BA2791D73C00CEC9FD /* SelectAdditionTableViewController.swift */,
				9B6FBA3827946C4400B721FF /* ListOfCarsTableViewController.swift */,
				9B08F72D27976219009033F9 /* MainViewController.swift */,
			);
			path = Controllers;
			sourceTree = "<group>";
		};
		9BF996D62790AC6700302E21 /* App */ = {
			isa = PBXGroup;
			children = (
				9B625903278F5F390061002E /* AppDelegate.swift */,
				9B625905278F5F390061002E /* SceneDelegate.swift */,
			);
			path = App;
			sourceTree = "<group>";
		};
		9BF996D72790AD0600302E21 /* Views */ = {
			isa = PBXGroup;
			children = (
				9B625909278F5F390061002E /* Main.storyboard */,
				9B62590E278F5F390061002E /* LaunchScreen.storyboard */,
			);
			path = Views;
			sourceTree = "<group>";
		};
/* End PBXGroup section */

/* Begin PBXNativeTarget section */
		9B6258FF278F5F390061002E /* Car exhibition */ = {
			isa = PBXNativeTarget;
			buildConfigurationList = 9B625914278F5F390061002E /* Build configuration list for PBXNativeTarget "Car exhibition" */;
			buildPhases = (
				9B6258FC278F5F390061002E /* Sources */,
				9B6258FD278F5F390061002E /* Frameworks */,
				9B6258FE278F5F390061002E /* Resources */,
			);
			buildRules = (
			);
			dependencies = (
			);
			name = "Car exhibition";
			productName = "Car exhibition";
			productReference = 9B625900278F5F390061002E /* Car exhibition.app */;
			productType = "com.apple.product-type.application";
		};
/* End PBXNativeTarget section */

/* Begin PBXProject section */
		9B6258F8278F5F390061002E /* Project object */ = {
			isa = PBXProject;
			attributes = {
				LastSwiftUpdateCheck = 1250;
				LastUpgradeCheck = 1250;
				TargetAttributes = {
					9B6258FF278F5F390061002E = {
						CreatedOnToolsVersion = 12.5;
					};
				};
			};
			buildConfigurationList = 9B6258FB278F5F390061002E /* Build configuration list for PBXProject "Car exhibition" */;
			compatibilityVersion = "Xcode 9.3";
			developmentRegion = en;
			hasScannedForEncodings = 0;
			knownRegions = (
				en,
				Base,
			);
			mainGroup = 9B6258F7278F5F390061002E;
			productRefGroup = 9B625901278F5F390061002E /* Products */;
			projectDirPath = "";
			projectRoot = "";
			targets = (
				9B6258FF278F5F390061002E /* Car exhibition */,
			);
		};
/* End PBXProject section */

/* Begin PBXResourcesBuildPhase section */
		9B6258FE278F5F390061002E /* Resources */ = {
			isa = PBXResourcesBuildPhase;
			buildActionMask = 2147483647;
			files = (
				9B625910278F5F390061002E /* LaunchScreen.storyboard in Resources */,
				9B62590D278F5F390061002E /* Assets.xcassets in Resources */,
				9B62590B278F5F390061002E /* Main.storyboard in Resources */,
			);
			runOnlyForDeploymentPostprocessing = 0;
		};
/* End PBXResourcesBuildPhase section */

/* Begin PBXSourcesBuildPhase section */
		9B6258FC278F5F390061002E /* Sources */ = {
			isa = PBXSourcesBuildPhase;
			buildActionMask = 2147483647;
			files = (
				9B62591A278F6B680061002E /* Registration.swift in Sources */,
				9B08F72E27976219009033F9 /* MainViewController.swift in Sources */,
				9BF818E32795FB750018F608 /* CellManager.swift in Sources */,
				9B625918278F630A0061002E /* AddRegistrationTableViewController.swift in Sources */,
				9B625904278F5F390061002E /* AppDelegate.swift in Sources */,
				9BF818E52795FCA00018F608 /* RegistrationCell.swift in Sources */,
				9B625906278F5F390061002E /* SceneDelegate.swift in Sources */,
				9B85576627934081008A1A1A /* SelectAdditionTableViewControllerProtocol.swift in Sources */,
				9B62591C278F70220061002E /* Addition.swift in Sources */,
				9B00D6BB2791D73C00CEC9FD /* SelectAdditionTableViewController.swift in Sources */,
				9B6FBA3927946C4400B721FF /* ListOfCarsTableViewController.swift in Sources */,
			);
			runOnlyForDeploymentPostprocessing = 0;
		};
/* End PBXSourcesBuildPhase section */

/* Begin PBXVariantGroup section */
		9B625909278F5F390061002E /* Main.storyboard */ = {
			isa = PBXVariantGroup;
			children = (
				9B62590A278F5F390061002E /* Base */,
			);
			name = Main.storyboard;
			sourceTree = "<group>";
		};
		9B62590E278F5F390061002E /* LaunchScreen.storyboard */ = {
			isa = PBXVariantGroup;
			children = (
				9B62590F278F5F390061002E /* Base */,
			);
			name = LaunchScreen.storyboard;
			sourceTree = "<group>";
		};
/* End PBXVariantGroup section */

/* Begin XCBuildConfiguration section */
		9B625912278F5F390061002E /* Debug */ = {
			isa = XCBuildConfiguration;
			buildSettings = {
				ALWAYS_SEARCH_USER_PATHS = NO;
				CLANG_ANALYZER_NONNULL = YES;
				CLANG_ANALYZER_NUMBER_OBJECT_CONVERSION = YES_AGGRESSIVE;
				CLANG_CXX_LANGUAGE_STANDARD = "gnu++14";
				CLANG_CXX_LIBRARY = "libc++";
				CLANG_ENABLE_MODULES = YES;
				CLANG_ENABLE_OBJC_ARC = YES;
				CLANG_ENABLE_OBJC_WEAK = YES;
				CLANG_WARN_BLOCK_CAPTURE_AUTORELEASING = YES;
				CLANG_WARN_BOOL_CONVERSION = YES;
				CLANG_WARN_COMMA = YES;
				CLANG_WARN_CONSTANT_CONVERSION = YES;
				CLANG_WARN_DEPRECATED_OBJC_IMPLEMENTATIONS = YES;
				CLANG_WARN_DIRECT_OBJC_ISA_USAGE = YES_ERROR;
				CLANG_WARN_DOCUMENTATION_COMMENTS = YES;
				CLANG_WARN_EMPTY_BODY = YES;
				CLANG_WARN_ENUM_CONVERSION = YES;
				CLANG_WARN_INFINITE_RECURSION = YES;
				CLANG_WARN_INT_CONVERSION = YES;
				CLANG_WARN_NON_LITERAL_NULL_CONVERSION = YES;
				CLANG_WARN_OBJC_IMPLICIT_RETAIN_SELF = YES;
				CLANG_WARN_OBJC_LITERAL_CONVERSION = YES;
				CLANG_WARN_OBJC_ROOT_CLASS = YES_ERROR;
				CLANG_WARN_QUOTED_INCLUDE_IN_FRAMEWORK_HEADER = YES;
				CLANG_WARN_RANGE_LOOP_ANALYSIS = YES;
				CLANG_WARN_STRICT_PROTOTYPES = YES;
				CLANG_WARN_SUSPICIOUS_MOVE = YES;
				CLANG_WARN_UNGUARDED_AVAILABILITY = YES_AGGRESSIVE;
				CLANG_WARN_UNREACHABLE_CODE = YES;
				CLANG_WARN__DUPLICATE_METHOD_MATCH = YES;
				COPY_PHASE_STRIP = NO;
				DEBUG_INFORMATION_FORMAT = dwarf;
				ENABLE_STRICT_OBJC_MSGSEND = YES;
				ENABLE_TESTABILITY = YES;
				GCC_C_LANGUAGE_STANDARD = gnu11;
				GCC_DYNAMIC_NO_PIC = NO;
				GCC_NO_COMMON_BLOCKS = YES;
				GCC_OPTIMIZATION_LEVEL = 0;
				GCC_PREPROCESSOR_DEFINITIONS = (
					"DEBUG=1",
					"$(inherited)",
				);
				GCC_WARN_64_TO_32_BIT_CONVERSION = YES;
				GCC_WARN_ABOUT_RETURN_TYPE = YES_ERROR;
				GCC_WARN_UNDECLARED_SELECTOR = YES;
				GCC_WARN_UNINITIALIZED_AUTOS = YES_AGGRESSIVE;
				GCC_WARN_UNUSED_FUNCTION = YES;
				GCC_WARN_UNUSED_VARIABLE = YES;
				IPHONEOS_DEPLOYMENT_TARGET = 14.5;
				MTL_ENABLE_DEBUG_INFO = INCLUDE_SOURCE;
				MTL_FAST_MATH = YES;
				ONLY_ACTIVE_ARCH = YES;
				SDKROOT = iphoneos;
				SWIFT_ACTIVE_COMPILATION_CONDITIONS = DEBUG;
				SWIFT_OPTIMIZATION_LEVEL = "-Onone";
			};
			name = Debug;
		};
		9B625913278F5F390061002E /* Release */ = {
			isa = XCBuildConfiguration;
			buildSettings = {
				ALWAYS_SEARCH_USER_PATHS = NO;
				CLANG_ANALYZER_NONNULL = YES;
				CLANG_ANALYZER_NUMBER_OBJECT_CONVERSION = YES_AGGRESSIVE;
				CLANG_CXX_LANGUAGE_STANDARD = "gnu++14";
				CLANG_CXX_LIBRARY = "libc++";
				CLANG_ENABLE_MODULES = YES;
				CLANG_ENABLE_OBJC_ARC = YES;
				CLANG_ENABLE_OBJC_WEAK = YES;
				CLANG_WARN_BLOCK_CAPTURE_AUTORELEASING = YES;
				CLANG_WARN_BOOL_CONVERSION = YES;
				CLANG_WARN_COMMA = YES;
				CLANG_WARN_CONSTANT_CONVERSION = YES;
				CLANG_WARN_DEPRECATED_OBJC_IMPLEMENTATIONS = YES;
				CLANG_WARN_DIRECT_OBJC_ISA_USAGE = YES_ERROR;
				CLANG_WARN_DOCUMENTATION_COMMENTS = YES;
				CLANG_WARN_EMPTY_BODY = YES;
				CLANG_WARN_ENUM_CONVERSION = YES;
				CLANG_WARN_INFINITE_RECURSION = YES;
				CLANG_WARN_INT_CONVERSION = YES;
				CLANG_WARN_NON_LITERAL_NULL_CONVERSION = YES;
				CLANG_WARN_OBJC_IMPLICIT_RETAIN_SELF = YES;
				CLANG_WARN_OBJC_LITERAL_CONVERSION = YES;
				CLANG_WARN_OBJC_ROOT_CLASS = YES_ERROR;
				CLANG_WARN_QUOTED_INCLUDE_IN_FRAMEWORK_HEADER = YES;
				CLANG_WARN_RANGE_LOOP_ANALYSIS = YES;
				CLANG_WARN_STRICT_PROTOTYPES = YES;
				CLANG_WARN_SUSPICIOUS_MOVE = YES;
				CLANG_WARN_UNGUARDED_AVAILABILITY = YES_AGGRESSIVE;
				CLANG_WARN_UNREACHABLE_CODE = YES;
				CLANG_WARN__DUPLICATE_METHOD_MATCH = YES;
				COPY_PHASE_STRIP = NO;
				DEBUG_INFORMATION_FORMAT = "dwarf-with-dsym";
				ENABLE_NS_ASSERTIONS = NO;
				ENABLE_STRICT_OBJC_MSGSEND = YES;
				GCC_C_LANGUAGE_STANDARD = gnu11;
				GCC_NO_COMMON_BLOCKS = YES;
				GCC_WARN_64_TO_32_BIT_CONVERSION = YES;
				GCC_WARN_ABOUT_RETURN_TYPE = YES_ERROR;
				GCC_WARN_UNDECLARED_SELECTOR = YES;
				GCC_WARN_UNINITIALIZED_AUTOS = YES_AGGRESSIVE;
				GCC_WARN_UNUSED_FUNCTION = YES;
				GCC_WARN_UNUSED_VARIABLE = YES;
				IPHONEOS_DEPLOYMENT_TARGET = 14.5;
				MTL_ENABLE_DEBUG_INFO = NO;
				MTL_FAST_MATH = YES;
				SDKROOT = iphoneos;
				SWIFT_COMPILATION_MODE = wholemodule;
				SWIFT_OPTIMIZATION_LEVEL = "-O";
				VALIDATE_PRODUCT = YES;
			};
			name = Release;
		};
		9B625915278F5F390061002E /* Debug */ = {
			isa = XCBuildConfiguration;
			buildSettings = {
				ASSETCATALOG_COMPILER_APPICON_NAME = AppIcon;
				ASSETCATALOG_COMPILER_GLOBAL_ACCENT_COLOR_NAME = AccentColor;
				CODE_SIGN_STYLE = Automatic;
				DEVELOPMENT_TEAM = 7AG3H6Y3C5;
				INFOPLIST_FILE = "Car exhibition/Info.plist";
				LD_RUNPATH_SEARCH_PATHS = (
					"$(inherited)",
					"@executable_path/Frameworks",
				);
				PRODUCT_BUNDLE_IDENTIFIER = "CarExhibitionSharapovaN.Car-exhibition";
				PRODUCT_NAME = "$(TARGET_NAME)";
				SWIFT_VERSION = 5.0;
				TARGETED_DEVICE_FAMILY = "1,2";
			};
			name = Debug;
		};
		9B625916278F5F390061002E /* Release */ = {
			isa = XCBuildConfiguration;
			buildSettings = {
				ASSETCATALOG_COMPILER_APPICON_NAME = AppIcon;
				ASSETCATALOG_COMPILER_GLOBAL_ACCENT_COLOR_NAME = AccentColor;
				CODE_SIGN_STYLE = Automatic;
				DEVELOPMENT_TEAM = 7AG3H6Y3C5;
				INFOPLIST_FILE = "Car exhibition/Info.plist";
				LD_RUNPATH_SEARCH_PATHS = (
					"$(inherited)",
					"@executable_path/Frameworks",
				);
				PRODUCT_BUNDLE_IDENTIFIER = "CarExhibitionSharapovaN.Car-exhibition";
				PRODUCT_NAME = "$(TARGET_NAME)";
				SWIFT_VERSION = 5.0;
				TARGETED_DEVICE_FAMILY = "1,2";
			};
			name = Release;
		};
/* End XCBuildConfiguration section */

/* Begin XCConfigurationList section */
		9B6258FB278F5F390061002E /* Build configuration list for PBXProject "Car exhibition" */ = {
			isa = XCConfigurationList;
			buildConfigurations = (
				9B625912278F5F390061002E /* Debug */,
				9B625913278F5F390061002E /* Release */,
			);
			defaultConfigurationIsVisible = 0;
			defaultConfigurationName = Release;
		};
		9B625914278F5F390061002E /* Build configuration list for PBXNativeTarget "Car exhibition" */ = {
			isa = XCConfigurationList;
			buildConfigurations = (
				9B625915278F5F390061002E /* Debug */,
				9B625916278F5F390061002E /* Release */,
			);
			defaultConfigurationIsVisible = 0;
			defaultConfigurationName = Release;
		};
/* End XCConfigurationList section */
	};
	rootObject = 9B6258F8278F5F390061002E /* Project object */;
}
